lockfileVersion: '9.0'

settings:
  autoInstallPeers: true
  excludeLinksFromLockfile: false

importers:

  .:
    dependencies:
      '@clack/prompts':
        specifier: 1.0.0-alpha.7
        version: 1.0.0-alpha.7
      '@inquirer/prompts':
        specifier: ^8.0.1
        version: 8.0.1(@types/node@24.10.1)
      m3u8-parser:
        specifier: ^7.2.0
        version: 7.2.0
      tough-cookie:
        specifier: ^6.0.0
        version: 6.0.0
      tough-cookie-file-store:
        specifier: ^3.2.1
        version: 3.2.1
      typescript:
        specifier: ^5.9.3
        version: 5.9.3
    devDependencies:
      '@types/m3u8-parser':
        specifier: ^7.2.5
        version: 7.2.5
      '@types/node':
        specifier: ^24.10.1
        version: 24.10.1

packages:

  '@babel/runtime@7.28.4':
    resolution: {integrity: sha512-Q/N6JNWvIvPnLDvjlE1OUBLPQHH6l3CltCEsHIujp45zQUSSh8K+gHnaEX45yAT1nyngnINhvWtzN+Nb9D8RAQ==}
    engines: {node: '>=6.9.0'}

  '@clack/core@1.0.0-alpha.7':
    resolution: {integrity: sha512-3vdh6Ar09D14rVxJZIm3VQJkU+ZOKKT5I5cC0cOVazy70CNyYYjiwRj9unwalhESndgxx6bGc/m6Hhs4EKF5XQ==}

  '@clack/prompts@1.0.0-alpha.7':
    resolution: {integrity: sha512-BLB8LYOdfI4q6XzDl8la69J/y/7s0tHjuU1/5ak+o8yB2BPZBNE22gfwbFUIEmlq/BGBD6lVUAMR7w+1K7Pr6Q==}

  '@inquirer/ansi@2.0.1':
    resolution: {integrity: sha512-QAZUk6BBncv/XmSEZTscd8qazzjV3E0leUMrEPjxCd51QBgCKmprUGLex5DTsNtURm7LMzv+CLcd6S86xvBfYg==}
    engines: {node: '>=23.5.0 || ^22.13.0 || ^21.7.0 || ^20.12.0'}

  '@inquirer/checkbox@5.0.1':
    resolution: {integrity: sha512-5VPFBK8jKdsjMK3DTFOlbR0+Kkd4q0AWB7VhWQn6ppv44dr3b7PU8wSJQTC5oA0f/aGW7v/ZozQJAY9zx6PKig==}
    engines: {node: '>=23.5.0 || ^22.13.0 || ^21.7.0 || ^20.12.0'}
    peerDependencies:
      '@types/node': '>=18'
    peerDependenciesMeta:
      '@types/node':
        optional: true

  '@inquirer/confirm@6.0.1':
    resolution: {integrity: sha512-wD+pM7IxLn1TdcQN12Q6wcFe5VpyCuh/I2sSmqO5KjWH2R4v+GkUToHb+PsDGobOe1MtAlXMwGNkZUPc2+L6NA==}
    engines: {node: '>=23.5.0 || ^22.13.0 || ^21.7.0 || ^20.12.0'}
    peerDependencies:
      '@types/node': '>=18'
    peerDependenciesMeta:
      '@types/node':
        optional: true

  '@inquirer/core@11.0.1':
    resolution: {integrity: sha512-Tpf49h50e4KYffVUCXzkx4gWMafUi3aDQDwfVAAGBNnVcXiwJIj4m2bKlZ7Kgyf6wjt1eyXH1wDGXcAokm4Ssw==}
    engines: {node: '>=23.5.0 || ^22.13.0 || ^21.7.0 || ^20.12.0'}
    peerDependencies:
      '@types/node': '>=18'
    peerDependenciesMeta:
      '@types/node':
        optional: true

  '@inquirer/editor@5.0.1':
    resolution: {integrity: sha512-zDKobHI7Ry++4noiV9Z5VfYgSVpPZoMApviIuGwLOMciQaP+dGzCO+1fcwI441riklRiZg4yURWyEoX0Zy2zZw==}
    engines: {node: '>=23.5.0 || ^22.13.0 || ^21.7.0 || ^20.12.0'}
    peerDependencies:
      '@types/node': '>=18'
    peerDependenciesMeta:
      '@types/node':
        optional: true

  '@inquirer/expand@5.0.1':
    resolution: {integrity: sha512-TBrTpAB6uZNnGQHtSEkbvJZIQ3dXZOrwqQSO9uUbwct3G2LitwBCE5YZj98MbQ5nzihzs5pRjY1K9RRLH4WgoA==}
    engines: {node: '>=23.5.0 || ^22.13.0 || ^21.7.0 || ^20.12.0'}
    peerDependencies:
      '@types/node': '>=18'
    peerDependenciesMeta:
      '@types/node':
        optional: true

  '@inquirer/external-editor@2.0.1':
    resolution: {integrity: sha512-BPYWJXCAK9w6R+pb2s3WyxUz9ts9SP/LDOUwA9fu7LeuyYgojz83i0DSRwezu736BgMwz14G63Xwj70hSzHohQ==}
    engines: {node: '>=23.5.0 || ^22.13.0 || ^21.7.0 || ^20.12.0'}
    peerDependencies:
      '@types/node': '>=18'
    peerDependenciesMeta:
      '@types/node':
        optional: true

  '@inquirer/figures@2.0.1':
    resolution: {integrity: sha512-KtMxyjLCuDFqAWHmCY9qMtsZ09HnjMsm8H3OvpSIpfhHdfw3/AiGWHNrfRwbyvHPtOJpumm8wGn5fkhtvkWRsg==}
    engines: {node: '>=23.5.0 || ^22.13.0 || ^21.7.0 || ^20.12.0'}

  '@inquirer/input@5.0.1':
    resolution: {integrity: sha512-cEhEUohCpE2BCuLKtFFZGp4Ief05SEcqeAOq9NxzN5ThOQP8Rl5N/Nt9VEDORK1bRb2Sk/zoOyQYfysPQwyQtA==}
    engines: {node: '>=23.5.0 || ^22.13.0 || ^21.7.0 || ^20.12.0'}
    peerDependencies:
      '@types/node': '>=18'
    peerDependenciesMeta:
      '@types/node':
        optional: true

  '@inquirer/number@4.0.1':
    resolution: {integrity: sha512-4//zgBGHe8Q/FfCoUXZUrUHyK/q5dyqiwsePz3oSSPSmw1Ijo35ZkjaftnxroygcUlLYfXqm+0q08lnB5hd49A==}
    engines: {node: '>=23.5.0 || ^22.13.0 || ^21.7.0 || ^20.12.0'}
    peerDependencies:
      '@types/node': '>=18'
    peerDependenciesMeta:
      '@types/node':
        optional: true

  '@inquirer/password@5.0.1':
    resolution: {integrity: sha512-UJudHpd7Ia30Q+x+ctYqI9Nh6SyEkaBscpa7J6Ts38oc1CNSws0I1hJEdxbQBlxQd65z5GEJPM4EtNf6tzfWaQ==}
    engines: {node: '>=23.5.0 || ^22.13.0 || ^21.7.0 || ^20.12.0'}
    peerDependencies:
      '@types/node': '>=18'
    peerDependenciesMeta:
      '@types/node':
        optional: true

  '@inquirer/prompts@8.0.1':
    resolution: {integrity: sha512-MURRu/cyvLm9vchDDaVZ9u4p+ADnY0Mz3LQr0KTgihrrvuKZlqcWwlBC4lkOMvd0KKX4Wz7Ww9+uA7qEpQaqjg==}
    engines: {node: '>=23.5.0 || ^22.13.0 || ^21.7.0 || ^20.12.0'}
    peerDependencies:
      '@types/node': '>=18'
    peerDependenciesMeta:
      '@types/node':
        optional: true

  '@inquirer/rawlist@5.0.1':
    resolution: {integrity: sha512-vVfVHKUgH6rZmMlyd0jOuGZo0Fw1jfcOqZF96lMwlgavx7g0x7MICe316bV01EEoI+c68vMdbkTTawuw3O+Fgw==}
    engines: {node: '>=23.5.0 || ^22.13.0 || ^21.7.0 || ^20.12.0'}
    peerDependencies:
      '@types/node': '>=18'
    peerDependenciesMeta:
      '@types/node':
        optional: true

  '@inquirer/search@4.0.1':
    resolution: {integrity: sha512-XwiaK5xBvr31STX6Ji8iS3HCRysBXfL/jUbTzufdWTS6LTGtvDQA50oVETt1BJgjKyQBp9vt0VU6AmU/AnOaGA==}
    engines: {node: '>=23.5.0 || ^22.13.0 || ^21.7.0 || ^20.12.0'}
    peerDependencies:
      '@types/node': '>=18'
    peerDependenciesMeta:
      '@types/node':
        optional: true

  '@inquirer/select@5.0.1':
    resolution: {integrity: sha512-gPByrgYoezGyKMq5KjV7Tuy1JU2ArIy6/sI8sprw0OpXope3VGQwP5FK1KD4eFFqEhKu470Dwe6/AyDPmGRA0Q==}
    engines: {node: '>=23.5.0 || ^22.13.0 || ^21.7.0 || ^20.12.0'}
    peerDependencies:
      '@types/node': '>=18'
    peerDependenciesMeta:
      '@types/node':
        optional: true

  '@inquirer/type@4.0.1':
    resolution: {integrity: sha512-odO8YwoQAw/eVu/PSPsDDVPmqO77r/Mq7zcoF5VduVqIu2wSRWUgmYb5K9WH1no0SjLnOe8MDKtDL++z6mfo2g==}
    engines: {node: '>=23.5.0 || ^22.13.0 || ^21.7.0 || ^20.12.0'}
    peerDependencies:
      '@types/node': '>=18'
    peerDependenciesMeta:
      '@types/node':
        optional: true

  '@types/m3u8-parser@7.2.5':
    resolution: {integrity: sha512-e4aoWGzTV+tQRGN1CfJhp1jt5yIHW0X0Lt2rjflDh/cTXYY9nDLRehX7S5iu+gyoaqVLDletBtPcDcPcQBKaeg==}

  '@types/node@24.10.1':
    resolution: {integrity: sha512-GNWcUTRBgIRJD5zj+Tq0fKOJ5XZajIiBroOF0yvj2bSU1WvNdYS/dn9UxwsujGW4JX06dnHyjV2y9rRaybH0iQ==}

  '@videojs/vhs-utils@4.1.1':
    resolution: {integrity: sha512-5iLX6sR2ownbv4Mtejw6Ax+naosGvoT9kY+gcuHzANyUZZ+4NpeNdKMUhb6ag0acYej1Y7cmr/F2+4PrggMiVA==}
    engines: {node: '>=8', npm: '>=5'}

  ansi-regex@6.2.2:
    resolution: {integrity: sha512-Bq3SmSpyFHaWjPk8If9yc6svM8c56dB5BAtW4Qbw5jHTwwXXcTLoRMkpDJp6VL0XzlWaCHTXrkFURMYmD0sLqg==}
    engines: {node: '>=12'}

  ansi-styles@6.2.3:
    resolution: {integrity: sha512-4Dj6M28JB+oAH8kFkTLUo+a2jwOFkuqb3yucU0CANcRRUbxS0cP0nZYCGjcc3BNXwRIsUVmDGgzawme7zvJHvg==}
    engines: {node: '>=12'}

  chardet@2.1.1:
    resolution: {integrity: sha512-PsezH1rqdV9VvyNhxxOW32/d75r01NY7TQCmOqomRo15ZSOKbpTFVsfjghxo6JloQUCGnH4k1LGu0R4yCLlWQQ==}

  cli-width@4.1.0:
    resolution: {integrity: sha512-ouuZd4/dm2Sw5Gmqy6bGyNNNe1qt9RpmxveLSO7KcgsTnU7RXfsw+/bukWGo1abgBiMAic068rclZsO4IWmmxQ==}
    engines: {node: '>= 12'}

  dom-walk@0.1.2:
    resolution: {integrity: sha512-6QvTW9mrGeIegrFXdtQi9pk7O/nSK6lSdXW2eqUspN5LWD7UTji2Fqw5V2YLjBpHEoU9Xl/eUWNpDeZvoyOv2w==}

  emoji-regex@10.6.0:
    resolution: {integrity: sha512-toUI84YS5YmxW219erniWD0CIVOo46xGKColeNQRgOzDorgBi1v4D71/OFzgD9GO2UGKIv1C3Sp8DAn0+j5w7A==}

  get-east-asian-width@1.4.0:
    resolution: {integrity: sha512-QZjmEOC+IT1uk6Rx0sX22V6uHWVwbdbxf1faPqJ1QhLdGgsRGCZoyaQBm/piRdJy/D2um6hM1UP7ZEeQ4EkP+Q==}
    engines: {node: '>=18'}

  global@4.4.0:
    resolution: {integrity: sha512-wv/LAoHdRE3BeTGz53FAamhGlPLhlssK45usmGFThIi4XqnBmjKQ16u+RNbP7WvigRZDxUsM0J3gcQ5yicaL0w==}

  iconv-lite@0.7.0:
    resolution: {integrity: sha512-cf6L2Ds3h57VVmkZe+Pn+5APsT7FpqJtEhhieDCvrE2MK5Qk9MyffgQyuxQTm6BChfeZNtcOLHp9IcWRVcIcBQ==}
    engines: {node: '>=0.10.0'}

  m3u8-parser@7.2.0:
    resolution: {integrity: sha512-CRatFqpjVtMiMaKXxNvuI3I++vUumIXVVT/JpCpdU/FynV/ceVw1qpPyyBNindL+JlPMSesx+WX1QJaZEJSaMQ==}

  min-document@2.19.2:
    resolution: {integrity: sha512-8S5I8db/uZN8r9HSLFVWPdJCvYOejMcEC82VIzNUc6Zkklf/d1gg2psfE79/vyhWOj4+J8MtwmoOz3TmvaGu5A==}

  mute-stream@3.0.0:
    resolution: {integrity: sha512-dkEJPVvun4FryqBmZ5KhDo0K9iDXAwn08tMLDinNdRBNPcYEDiWYysLcc6k3mjTMlbP9KyylvRpd4wFtwrT9rw==}
    engines: {node: ^20.17.0 || >=22.9.0}

  picocolors@1.1.1:
    resolution: {integrity: sha512-xceH2snhtb5M9liqDsmEw56le376mTZkEX/jEb/RxNFyegNul7eNslCXP9FDj/Lcu0X8KEyMceP2ntpaHrDEVA==}

  process@0.11.10:
    resolution: {integrity: sha512-cdGef/drWFoydD1JsMzuFf8100nZl+GT+yacc2bEced5f9Rjk4z+WtFUTBu9PhOi9j/jfmBPu0mMEY4wIdAF8A==}
    engines: {node: '>= 0.6.0'}

  safer-buffer@2.1.2:
    resolution: {integrity: sha512-YZo3K82SD7Riyi0E1EQPojLz7kpepnSQI9IyPbHHg1XXXevb5dJI7tpyN2ADxGcQbHG7vcyRHk0cbwqcQriUtg==}

  signal-exit@4.1.0:
    resolution: {integrity: sha512-bzyZ1e88w9O1iNJbKnOlvYTrWPDl46O1bG0D3XInv+9tkPrxrN8jUUTiFlDkkmKWgn1M6CfIA13SuGqOa9Korw==}
    engines: {node: '>=14'}

  sisteransi@1.0.5:
    resolution: {integrity: sha512-bLGGlR1QxBcynn2d5YmDX4MGjlZvy2MRBDRNHLJ8VI6l6+9FUiyTFNJ0IveOSP0bcXgVDPRcfGqA0pjaqUpfVg==}

  string-width@7.2.0:
    resolution: {integrity: sha512-tsaTIkKW9b4N+AEj+SVA+WhJzV7/zMhcSu78mLKWSk7cXMOSHsBKFWUs0fWwq8QyK3MgJBQRX6Gbi4kYbdvGkQ==}
    engines: {node: '>=18'}

  strip-ansi@7.1.2:
    resolution: {integrity: sha512-gmBGslpoQJtgnMAvOVqGZpEz9dyoKTCzy2nfz/n8aIFhN/jCE/rCmcxabB6jOOHV+0WNnylOxaxBQPSvcWklhA==}
    engines: {node: '>=12'}

  tldts-core@6.1.86:
    resolution: {integrity: sha512-Je6p7pkk+KMzMv2XXKmAE3McmolOQFdxkKw0R8EYNr7sELW46JqnNeTX8ybPiQgvg1ymCoF8LXs5fzFaZvJPTA==}

  tldts-core@7.0.19:
    resolution: {integrity: sha512-lJX2dEWx0SGH4O6p+7FPwYmJ/bu1JbcGJ8RLaG9b7liIgZ85itUVEPbMtWRVrde/0fnDPEPHW10ZsKW3kVsE9A==}

  tldts@6.1.86:
    resolution: {integrity: sha512-WMi/OQ2axVTf/ykqCQgXiIct+mSQDFdH2fkwhPwgEwvJ1kSzZRiinb0zF2Xb8u4+OqPChmyI6MEu4EezNJz+FQ==}
    hasBin: true

  tldts@7.0.19:
    resolution: {integrity: sha512-8PWx8tvC4jDB39BQw1m4x8y5MH1BcQ5xHeL2n7UVFulMPH/3Q0uiamahFJ3lXA0zO2SUyRXuVVbWSDmstlt9YA==}
    hasBin: true

  tough-cookie-file-store@3.2.1:
    resolution: {integrity: sha512-FRCLGJSel0xDJ4LOKuI14AEIG3tCi+KBsz2qvRwHlsbdNPOIzWoAzsw5LxHkQYUwaUSG90Jgw4vwi+ogLa01Rg==}
    engines: {node: '>=16'}

  tough-cookie@5.1.2:
    resolution: {integrity: sha512-FVDYdxtnj0G6Qm/DhNPSb8Ju59ULcup3tuJxkFb5K8Bv2pUXILbf0xZWU8PX8Ov19OXljbUyveOFwRMwkXzO+A==}
    engines: {node: '>=16'}

  tough-cookie@6.0.0:
    resolution: {integrity: sha512-kXuRi1mtaKMrsLUxz3sQYvVl37B0Ns6MzfrtV5DvJceE9bPyspOqk9xxv7XbZWcfLWbFmm997vl83qUWVJA64w==}
    engines: {node: '>=16'}

  typescript@5.9.3:
    resolution: {integrity: sha512-jl1vZzPDinLr9eUt3J/t7V6FgNEw9QjvBPdysz9KfQDD41fQrC2Y4vKQdiaUpFT4bXlb1RHhLpp8wtm6M5TgSw==}
    engines: {node: '>=14.17'}
    hasBin: true

  undici-types@7.16.0:
    resolution: {integrity: sha512-Zz+aZWSj8LE6zoxD+xrjh4VfkIG8Ya6LvYkZqtUQGJPZjYl53ypCaUwWqo7eI0x66KBGeRo+mlBEkMSeSZ38Nw==}

  wrap-ansi@9.0.2:
    resolution: {integrity: sha512-42AtmgqjV+X1VpdOfyTGOYRi0/zsoLqtXQckTmqTeybT+BDIbM/Guxo7x3pE2vtpr1ok6xRqM9OpBe+Jyoqyww==}
    engines: {node: '>=18'}

snapshots:

  '@babel/runtime@7.28.4': {}

  '@clack/core@1.0.0-alpha.7':
    dependencies:
      picocolors: 1.1.1
      sisteransi: 1.0.5

  '@clack/prompts@1.0.0-alpha.7':
    dependencies:
      '@clack/core': 1.0.0-alpha.7
      picocolors: 1.1.1
      sisteransi: 1.0.5

  '@inquirer/ansi@2.0.1': {}

  '@inquirer/checkbox@5.0.1(@types/node@24.10.1)':
    dependencies:
      '@inquirer/ansi': 2.0.1
      '@inquirer/core': 11.0.1(@types/node@24.10.1)
      '@inquirer/figures': 2.0.1
      '@inquirer/type': 4.0.1(@types/node@24.10.1)
    optionalDependencies:
      '@types/node': 24.10.1

  '@inquirer/confirm@6.0.1(@types/node@24.10.1)':
    dependencies:
      '@inquirer/core': 11.0.1(@types/node@24.10.1)
      '@inquirer/type': 4.0.1(@types/node@24.10.1)
    optionalDependencies:
      '@types/node': 24.10.1

  '@inquirer/core@11.0.1(@types/node@24.10.1)':
    dependencies:
      '@inquirer/ansi': 2.0.1
      '@inquirer/figures': 2.0.1
      '@inquirer/type': 4.0.1(@types/node@24.10.1)
      cli-width: 4.1.0
      mute-stream: 3.0.0
      signal-exit: 4.1.0
      wrap-ansi: 9.0.2
    optionalDependencies:
      '@types/node': 24.10.1

  '@inquirer/editor@5.0.1(@types/node@24.10.1)':
    dependencies:
      '@inquirer/core': 11.0.1(@types/node@24.10.1)
      '@inquirer/external-editor': 2.0.1(@types/node@24.10.1)
      '@inquirer/type': 4.0.1(@types/node@24.10.1)
    optionalDependencies:
      '@types/node': 24.10.1

  '@inquirer/expand@5.0.1(@types/node@24.10.1)':
    dependencies:
      '@inquirer/core': 11.0.1(@types/node@24.10.1)
      '@inquirer/type': 4.0.1(@types/node@24.10.1)
    optionalDependencies:
      '@types/node': 24.10.1

  '@inquirer/external-editor@2.0.1(@types/node@24.10.1)':
    dependencies:
      chardet: 2.1.1
      iconv-lite: 0.7.0
    optionalDependencies:
      '@types/node': 24.10.1

  '@inquirer/figures@2.0.1': {}

  '@inquirer/input@5.0.1(@types/node@24.10.1)':
    dependencies:
      '@inquirer/core': 11.0.1(@types/node@24.10.1)
      '@inquirer/type': 4.0.1(@types/node@24.10.1)
    optionalDependencies:
      '@types/node': 24.10.1

  '@inquirer/number@4.0.1(@types/node@24.10.1)':
    dependencies:
      '@inquirer/core': 11.0.1(@types/node@24.10.1)
      '@inquirer/type': 4.0.1(@types/node@24.10.1)
    optionalDependencies:
      '@types/node': 24.10.1

  '@inquirer/password@5.0.1(@types/node@24.10.1)':
    dependencies:
      '@inquirer/ansi': 2.0.1
      '@inquirer/core': 11.0.1(@types/node@24.10.1)
      '@inquirer/type': 4.0.1(@types/node@24.10.1)
    optionalDependencies:
      '@types/node': 24.10.1

  '@inquirer/prompts@8.0.1(@types/node@24.10.1)':
    dependencies:
      '@inquirer/checkbox': 5.0.1(@types/node@24.10.1)
      '@inquirer/confirm': 6.0.1(@types/node@24.10.1)
      '@inquirer/editor': 5.0.1(@types/node@24.10.1)
      '@inquirer/expand': 5.0.1(@types/node@24.10.1)
      '@inquirer/input': 5.0.1(@types/node@24.10.1)
      '@inquirer/number': 4.0.1(@types/node@24.10.1)
      '@inquirer/password': 5.0.1(@types/node@24.10.1)
      '@inquirer/rawlist': 5.0.1(@types/node@24.10.1)
      '@inquirer/search': 4.0.1(@types/node@24.10.1)
      '@inquirer/select': 5.0.1(@types/node@24.10.1)
    optionalDependencies:
      '@types/node': 24.10.1

  '@inquirer/rawlist@5.0.1(@types/node@24.10.1)':
    dependencies:
      '@inquirer/core': 11.0.1(@types/node@24.10.1)
      '@inquirer/type': 4.0.1(@types/node@24.10.1)
    optionalDependencies:
      '@types/node': 24.10.1

  '@inquirer/search@4.0.1(@types/node@24.10.1)':
    dependencies:
      '@inquirer/core': 11.0.1(@types/node@24.10.1)
      '@inquirer/figures': 2.0.1
      '@inquirer/type': 4.0.1(@types/node@24.10.1)
    optionalDependencies:
      '@types/node': 24.10.1

  '@inquirer/select@5.0.1(@types/node@24.10.1)':
    dependencies:
      '@inquirer/ansi': 2.0.1
      '@inquirer/core': 11.0.1(@types/node@24.10.1)
      '@inquirer/figures': 2.0.1
      '@inquirer/type': 4.0.1(@types/node@24.10.1)
    optionalDependencies:
      '@types/node': 24.10.1

  '@inquirer/type@4.0.1(@types/node@24.10.1)':
    optionalDependencies:
      '@types/node': 24.10.1

  '@types/m3u8-parser@7.2.5': {}

  '@types/node@24.10.1':
    dependencies:
      undici-types: 7.16.0

  '@videojs/vhs-utils@4.1.1':
    dependencies:
      '@babel/runtime': 7.28.4
      global: 4.4.0

  ansi-regex@6.2.2: {}

  ansi-styles@6.2.3: {}

  chardet@2.1.1: {}

  cli-width@4.1.0: {}

  dom-walk@0.1.2: {}

  emoji-regex@10.6.0: {}

  get-east-asian-width@1.4.0: {}

  global@4.4.0:
    dependencies:
      min-document: 2.19.2
      process: 0.11.10

  iconv-lite@0.7.0:
    dependencies:
      safer-buffer: 2.1.2

  m3u8-parser@7.2.0:
    dependencies:
      '@babel/runtime': 7.28.4
      '@videojs/vhs-utils': 4.1.1
      global: 4.4.0

  min-document@2.19.2:
    dependencies:
      dom-walk: 0.1.2

  mute-stream@3.0.0: {}

  picocolors@1.1.1: {}

  process@0.11.10: {}

  safer-buffer@2.1.2: {}

  signal-exit@4.1.0: {}

  sisteransi@1.0.5: {}

  string-width@7.2.0:
    dependencies:
      emoji-regex: 10.6.0
      get-east-asian-width: 1.4.0
      strip-ansi: 7.1.2

  strip-ansi@7.1.2:
    dependencies:
      ansi-regex: 6.2.2

  tldts-core@6.1.86: {}

  tldts-core@7.0.19: {}

  tldts@6.1.86:
    dependencies:
      tldts-core: 6.1.86

  tldts@7.0.19:
    dependencies:
      tldts-core: 7.0.19

  tough-cookie-file-store@3.2.1:
    dependencies:
      tough-cookie: 5.1.2

  tough-cookie@5.1.2:
    dependencies:
      tldts: 6.1.86

  tough-cookie@6.0.0:
    dependencies:
      tldts: 7.0.19

  typescript@5.9.3: {}

  undici-types@7.16.0: {}

  wrap-ansi@9.0.2:
    dependencies:
      ansi-styles: 6.2.3
      string-width: 7.2.0
      strip-ansi: 7.1.2
